<?xml version="1.0" encoding="utf-8"?>
<Project ToolsVersion="4.0" xmlns="http://schemas.microsoft.com/developer/msbuild/2003">
  <ItemGroup>
    <Filter Include="Source Files">
      <UniqueIdentifier>{4FC737F1-C7A5-4376-A066-2A32D752A2FF}</UniqueIdentifier>
      <Extensions>cpp;c;cc;cxx;def;odl;idl;hpj;bat;asm;asmx</Extensions>
    </Filter>
    <Filter Include="Header Files">
      <UniqueIdentifier>{93995380-89BD-4b04-88EB-625FBE52EBFB}</UniqueIdentifier>
      <Extensions>h;hh;hpp;hxx;hm;inl;inc;xsd</Extensions>
    </Filter>
    <Filter Include="Resource Files">
      <UniqueIdentifier>{67DA6AB6-F800-4c08-8B7A-83BB121AAD01}</UniqueIdentifier>
      <Extensions>rc;ico;cur;bmp;dlg;rc2;rct;bin;rgs;gif;jpg;jpeg;jpe;resx;tiff;tif;png;wav</Extensions>
    </Filter>
  </ItemGroup>
  <ItemGroup>
    <ClCompile Include="externals\src\imgui.cpp">
      <Filter>Source Files</Filter>
    </ClCompile>
    <ClCompile Include="externals\src\imgui_demo.cpp">
      <Filter>Source Files</Filter>
    </ClCompile>
    <ClCompile Include="externals\src\imgui_draw.cpp">
      <Filter>Source Files</Filter>
    </ClCompile>
    <ClCompile Include="externals\src\imgui_impl_glfw.cpp">
      <Filter>Source Files</Filter>
    </ClCompile>
    <ClCompile Include="externals\src\imgui_impl_opengl3.cpp">
      <Filter>Source Files</Filter>
    </ClCompile>
    <ClCompile Include="externals\src\imgui_tables.cpp">
      <Filter>Source Files</Filter>
    </ClCompile>
    <ClCompile Include="externals\src\imgui_widgets.cpp">
      <Filter>Source Files</Filter>
    </ClCompile>
    <ClCompile Include="externals\src\gl.c">
      <Filter>Source Files</Filter>
    </ClCompile>
    <ClCompile Include="src\App.cpp">
      <Filter>Source Files</Filter>
    </ClCompile>
    <ClCompile Include="src\bmpLoader.cpp">
      <Filter>Source Files</Filter>
    </ClCompile>
    <ClCompile Include="src\Camera.cpp">
      <Filter>Source Files</Filter>
    </ClCompile>
    <ClCompile Include="src\Clipper.cpp">
      <Filter>Source Files</Filter>
    </ClCompile>
    <ClCompile Include="src\Framebuffer.cpp">
      <Filter>Source Files</Filter>
    </ClCompile>
    <ClCompile Include="src\Light.cpp">
      <Filter>Source Files</Filter>
    </ClCompile>
    <ClCompile Include="src\main.cpp">
      <Filter>Source Files</Filter>
    </ClCompile>
    <ClCompile Include="src\maths.cpp">
      <Filter>Source Files</Filter>
    </ClCompile>
    <ClCompile Include="src\Mesh.cpp">
      <Filter>Source Files</Filter>
    </ClCompile>
    <ClCompile Include="src\Model.cpp">
      <Filter>Source Files</Filter>
    </ClCompile>
    <ClCompile Include="src\modelLoader.cpp">
      <Filter>Source Files</Filter>
    </ClCompile>
    <ClCompile Include="src\Renderer.cpp">
      <Filter>Source Files</Filter>
    </ClCompile>
    <ClCompile Include="src\Scene.cpp">
      <Filter>Source Files</Filter>
    </ClCompile>
    <ClCompile Include="src\Texture.cpp">
      <Filter>Source Files</Filter>
    </ClCompile>
    <ClCompile Include="src\Triangles.cpp">
      <Filter>Source Files</Filter>
    </ClCompile>
    <ClCompile Include="src\Vertices.cpp">
      <Filter>Source Files</Filter>
    </ClCompile>
    <ClCompile Include="src\Sleep.cpp">
      <Filter>Source Files</Filter>
    </ClCompile>
    <ClCompile Include="src\prng.cpp">
      <Filter>Source Files</Filter>
    </ClCompile>
    <ClCompile Include="src\Shader.cpp">
      <Filter>Source Files</Filter>
    </ClCompile>
  </ItemGroup>
  <ItemGroup>
    <ClInclude Include="externals\include\imconfig.h">
      <Filter>Header Files</Filter>
    </ClInclude>
    <ClInclude Include="externals\include\imgui.h">
      <Filter>Header Files</Filter>
    </ClInclude>
    <ClInclude Include="externals\include\imgui_impl_glfw.h">
      <Filter>Header Files</Filter>
    </ClInclude>
    <ClInclude Include="externals\include\imgui_impl_opengl3.h">
      <Filter>Header Files</Filter>
    </ClInclude>
    <ClInclude Include="externals\include\imgui_internal.h">
      <Filter>Header Files</Filter>
    </ClInclude>
    <ClInclude Include="externals\include\imstb_textedit.h">
      <Filter>Header Files</Filter>
    </ClInclude>
    <ClInclude Include="externals\include\glad\gl.h">
      <Filter>Header Files</Filter>
    </ClInclude>
    <ClInclude Include="externals\include\glfw\glfw3.h">
      <Filter>Header Files</Filter>
    </ClInclude>
    <ClInclude Include="externals\include\glfw\glfw3native.h">
      <Filter>Header Files</Filter>
    </ClInclude>
    <ClInclude Include="externals\include\khr\khrplatform.h">
      <Filter>Header Files</Filter>
    </ClInclude>
    <ClInclude Include="externals\src\imgui_impl_opengl3_loader.h">
      <Filter>Header Files</Filter>
    </ClInclude>
    <ClInclude Include="externals\src\imstb_rectpack.h">
      <Filter>Header Files</Filter>
    </ClInclude>
    <ClInclude Include="externals\src\imstb_truetype.h">
      <Filter>Header Files</Filter>
    </ClInclude>
    <ClInclude Include="include\stb_image.h">
      <Filter>Header Files</Filter>
    </ClInclude>
    <ClInclude Include="include\App.hpp">
      <Filter>Header Files</Filter>
    </ClInclude>
    <ClInclude Include="include\bmpLoader.hpp">
      <Filter>Header Files</Filter>
    </ClInclude>
    <ClInclude Include="include\Camera.hpp">
      <Filter>Header Files</Filter>
    </ClInclude>
    <ClInclude Include="include\Clipper.hpp">
      <Filter>Header Files</Filter>
    </ClInclude>
    <ClInclude Include="include\Framebuffer.hpp">
      <Filter>Header Files</Filter>
    </ClInclude>
    <ClInclude Include="include\Light.hpp">
      <Filter>Header Files</Filter>
    </ClInclude>
    <ClInclude Include="include\maths.hpp">
      <Filter>Header Files</Filter>
    </ClInclude>
    <ClInclude Include="include\Mesh.hpp">
      <Filter>Header Files</Filter>
    </ClInclude>
    <ClInclude Include="include\Model.hpp">
      <Filter>Header Files</Filter>
    </ClInclude>
    <ClInclude Include="include\modelLoader.hpp">
      <Filter>Header Files</Filter>
    </ClInclude>
    <ClInclude Include="include\msaaSampling.hpp">
      <Filter>Header Files</Filter>
    </ClInclude>
    <ClInclude Include="include\Renderer.hpp">
      <Filter>Header Files</Filter>
    </ClInclude>
    <ClInclude Include="include\Scene.hpp">
      <Filter>Header Files</Filter>
    </ClInclude>
    <ClInclude Include="include\textHelper.hpp">
      <Filter>Header Files</Filter>
    </ClInclude>
    <ClInclude Include="include\Texture.hpp">
      <Filter>Header Files</Filter>
    </ClInclude>
    <ClInclude Include="include\Triangles.hpp">
      <Filter>Header Files</Filter>
    </ClInclude>
    <ClInclude Include="include\types.hpp">
      <Filter>Header Files</Filter>
    </ClInclude>
    <ClInclude Include="include\Vertices.hpp">
      <Filter>Header Files</Filter>
    </ClInclude>
    <ClInclude Include="include\Sleep.hpp">
      <Filter>Header Files</Filter>
    </ClInclude>
    <ClInclude Include="include\prng.hpp">
      <Filter>Header Files</Filter>
    </ClInclude>
    <ClInclude Include="include\Shader.hpp">
      <Filter>Header Files</Filter>
    </ClInclude>
  </ItemGroup>
  <ItemGroup>
    <None Include="include\maths.inl">
      <Filter>Header Files</Filter>
    </None>
    <None Include="include\textHelper.inl">
      <Filter>Header Files</Filter>
    </None>
  </ItemGroup>
</Project>